# THIS IS AN AUTOGENERATED FILE. DO NOT EDIT THIS FILE DIRECTLY.
# yarn lockfile v1


"@hapi/b64@5.x.x":
  version "5.0.0"
  resolved "https://registry.yarnpkg.com/@hapi/b64/-/b64-5.0.0.tgz#b8210cbd72f4774985e78569b77e97498d24277d"
  integrity sha512-ngu0tSEmrezoiIaNGG6rRvKOUkUuDdf4XTPnONHGYfSGRmDqPZX5oJL6HAdKTo1UQHECbdB4OzhWrfgVppjHUw==
  dependencies:
    "@hapi/hoek" "9.x.x"

"@hapi/boom@9.x.x", "@hapi/boom@^9.0.0":
  version "9.1.0"
  resolved "https://registry.yarnpkg.com/@hapi/boom/-/boom-9.1.0.tgz#0d9517657a56ff1e0b42d0aca9da1b37706fec56"
  integrity sha512-4nZmpp4tXbm162LaZT45P7F7sgiem8dwAh2vHWT6XX24dozNjGMg6BvKCRvtCUcmcXqeMIUqWN8Rc5X8yKuROQ==
  dependencies:
    "@hapi/hoek" "9.x.x"

"@hapi/bourne@2.x.x":
  version "2.0.0"
  resolved "https://registry.yarnpkg.com/@hapi/bourne/-/bourne-2.0.0.tgz#5bb2193eb685c0007540ca61d166d4e1edaf918d"
  integrity sha512-WEezM1FWztfbzqIUbsDzFRVMxSoLy3HugVcux6KDDtTqzPsLE8NDRHfXvev66aH1i2oOKKar3/XDjbvh/OUBdg==

"@hapi/cryptiles@5.x.x":
  version "5.0.0"
  resolved "https://registry.yarnpkg.com/@hapi/cryptiles/-/cryptiles-5.0.0.tgz#364ca3336594c7f261707a527c4d36da4a8eb86e"
  integrity sha512-Yq43ti9N51Z7jbm0Q7YVCcofA+4Gh5wsBX/jZ++Z+FM8GYfBQ1WmI9ufZSL+BVX8vRxzDkdQ2fKoG6cxOQlnVQ==
  dependencies:
    "@hapi/boom" "9.x.x"

"@hapi/hoek@9.x.x":
  version "9.0.4"
  resolved "https://registry.yarnpkg.com/@hapi/hoek/-/hoek-9.0.4.tgz#e80ad4e8e8d2adc6c77d985f698447e8628b6010"
  integrity sha512-EwaJS7RjoXUZ2cXXKZZxZqieGtc7RbvQhUy8FwDoMQtxWVi14tFjeFCYPZAM1mBCpOpiBpyaZbb9NeHc7eGKgw==

"@hapi/iron@^6.0.0":
  version "6.0.0"
  resolved "https://registry.yarnpkg.com/@hapi/iron/-/iron-6.0.0.tgz#ca3f9136cda655bdd6028de0045da0de3d14436f"
  integrity sha512-zvGvWDufiTGpTJPG1Y/McN8UqWBu0k/xs/7l++HVU535NLHXsHhy54cfEMdW7EjwKfbBfM9Xy25FmTiobb7Hvw==
  dependencies:
    "@hapi/b64" "5.x.x"
    "@hapi/boom" "9.x.x"
    "@hapi/bourne" "2.x.x"
    "@hapi/cryptiles" "5.x.x"
    "@hapi/hoek" "9.x.x"

"@types/aws-lambda@^8.10.47":
  version "8.10.47"
  resolved "https://registry.yarnpkg.com/@types/aws-lambda/-/aws-lambda-8.10.47.tgz#9ec9e730e78d1f3180be37cf55ab0815b96b225d"
  integrity sha512-FIZjS1alDbH7qFpJxghmyS2g7h+DJjBj6Qhf2F4Nkz4LR+alTSvThQEAR2j9yRt7qlxDDxK/EagXDCURRSxo8A==

"@types/hapi__catbox@*":
  version "10.2.2"
  resolved "https://registry.yarnpkg.com/@types/hapi__catbox/-/hapi__catbox-10.2.2.tgz#b13fbdd6006c8793eb80919158593bc2bf8307c4"
  integrity sha512-AWK70LgRsRWL1TNw+aT0IlS56E0pobvFdr/en0K8XazyK4Ey6T/jXhQqv/iQ6FJAAU+somMzgmt9fWq2TaaOkA==

"@types/hapi__hapi@^19.0.2":
  version "19.0.2"
  resolved "https://registry.yarnpkg.com/@types/hapi__hapi/-/hapi__hapi-19.0.2.tgz#a05cc41f1991db7b7f989ef6b2dd6a8662919949"
  integrity sha512-Z+Xmah1MnTNBhsS0rvY4nQeJ09MGxFkJ4vWlxVzR5XtGBzWFhwnRwtWGVivnaEj+qu+xzgajvDH6qp4DB6LcdA==
  dependencies:
    "@hapi/boom" "^9.0.0"
    "@hapi/iron" "^6.0.0"
    "@types/hapi__catbox" "*"
    "@types/hapi__joi" "*"
    "@types/hapi__mimos" "*"
    "@types/hapi__podium" "*"
    "@types/hapi__shot" "*"
    "@types/node" "*"

"@types/hapi__joi@*":
  version "16.0.12"
  resolved "https://registry.yarnpkg.com/@types/hapi__joi/-/hapi__joi-16.0.12.tgz#fb9113f17cf5764d6b3586ae9817d1606cc7c90c"
  integrity sha512-xJYifuz59jXdWY5JMS15uvA3ycS3nQYOGqoIIE0+fwQ0qI3/4CxBc6RHsOTp6wk9M0NWEdpcTl02lOQOKMifbQ==

"@types/hapi__mimos@*":
  version "4.1.1"
  resolved "https://registry.yarnpkg.com/@types/hapi__mimos/-/hapi__mimos-4.1.1.tgz#efafd594b7a212d2b677a1ccaf042a43bf44d811"
  integrity sha512-SOkMgvoR2rW5Sw3slVJnawiHbSticacs85gUAoRL1ZtojHf3lVSFJNi5XH0ksxoO3Z553tWXMYXmm8Xg5VP/rA==
  dependencies:
    "@types/mime-db" "*"

"@types/hapi__podium@*":
  version "3.4.0"
  resolved "https://registry.yarnpkg.com/@types/hapi__podium/-/hapi__podium-3.4.0.tgz#8efbe18c422e5306a7ee970d48448cf8ff4da37c"
  integrity sha512-LE85jLgqR5HscGQ7SaSz6FMRsKlQ1wHVbYc9u0yq7NKDRvZiQFIrr3Pl1RPzK7QNUdZP8zmJibe8q0JcafTAJQ==

"@types/hapi__shot@*":
  version "4.1.0"
  resolved "https://registry.yarnpkg.com/@types/hapi__shot/-/hapi__shot-4.1.0.tgz#c2f096bf89906e25b530869becca44d40b168b75"
  integrity sha512-vIySJYkwIGXMB5eFaZu3U8dS9CAZmteJfmkRn9bYH5uNcSvVgiwDROiwAkD7ej88qA+RZPkUK70KmeDs3LRHvw==
  dependencies:
    "@types/node" "*"

"@types/mime-db@*":
  version "1.27.1"
  resolved "https://registry.yarnpkg.com/@types/mime-db/-/mime-db-1.27.1.tgz#a8c9792b6f8ffaf37b7055cff36786bb038adbfd"
  integrity sha512-XSZg3ch6h3xvfu3wpQBL1Bbzi8IlMivdBCFIy3E8pQ6dvDQiM740UZXFqszTYBdjNKnQPw1g39G+6drIjzWihA==

"@types/node@*":
  version "13.11.0"
  resolved "https://registry.yarnpkg.com/@types/node/-/node-13.11.0.tgz#390ea202539c61c8fa6ba4428b57e05bc36dc47b"
  integrity sha512-uM4mnmsIIPK/yeO+42F2RQhGUIs39K2RFmugcJANppXe6J1nvH87PvzPZYpza7Xhhs8Yn9yIAVdLZ84z61+0xQ==

prettier@^2.0.2:
  version "2.0.2"
  resolved "https://registry.yarnpkg.com/prettier/-/prettier-2.0.2.tgz#1ba8f3eb92231e769b7fcd7cb73ae1b6b74ade08"
  integrity sha512-5xJQIPT8BraI7ZnaDwSbu5zLrB6vvi8hVV58yHQ+QK64qrY40dULy0HSRlQ2/2IdzeBpjhDkqdcFBnFeDEMVdg==

typescript@^3.8.3:
  version "3.8.3"
  resolved "https://registry.yarnpkg.com/typescript/-/typescript-3.8.3.tgz#409eb8544ea0335711205869ec458ab109ee1061"
  integrity sha512-MYlEfn5VrLNsgudQTVJeNaQFUAI7DkhnOjdpAp4T+ku1TfQClewlbSuTVHiA+8skNBgaf02TL/kLOvig4y3G8w==
